// !$*UTF8*$!
{
	archiveVersion = 1;
	classes = {
	};
	objectVersion = 50;
	objects = {

/* Begin PBXBuildFile section */
		3E1F88F725B6A9CC00151F58 /* RWTitleLabel.swift in Sources */ = {isa = PBXBuildFile; fileRef = 3E1F88F625B6A9CC00151F58 /* RWTitleLabel.swift */; };
		3E59CCA525B2D8C6007B238A /* RWButton.swift in Sources */ = {isa = PBXBuildFile; fileRef = 3E59CCA425B2D8C6007B238A /* RWButton.swift */; };
		3E64143D25B7C0A40061E507 /* RWVideoView.swift in Sources */ = {isa = PBXBuildFile; fileRef = 3E64143C25B7C0A40061E507 /* RWVideoView.swift */; };
		3E87470425BE8AE700530E7B /* scissor_hops.mp4 in Resources */ = {isa = PBXBuildFile; fileRef = 3E8746FA25BE8AE700530E7B /* scissor_hops.mp4 */; };
		3E87470525BE8AE700530E7B /* jumping_jacks.mp4 in Resources */ = {isa = PBXBuildFile; fileRef = 3E8746FB25BE8AE700530E7B /* jumping_jacks.mp4 */; };
		3E87470625BE8AE700530E7B /* goblet_squat.mp4 in Resources */ = {isa = PBXBuildFile; fileRef = 3E8746FC25BE8AE700530E7B /* goblet_squat.mp4 */; };
		3E87470725BE8AE700530E7B /* push_ups.mp4 in Resources */ = {isa = PBXBuildFile; fileRef = 3E8746FD25BE8AE700530E7B /* push_ups.mp4 */; };
		3E87470825BE8AE700530E7B /* air_bike.mp4 in Resources */ = {isa = PBXBuildFile; fileRef = 3E8746FE25BE8AE700530E7B /* air_bike.mp4 */; };
		3E87470925BE8AE700530E7B /* forward_lunges.mp4 in Resources */ = {isa = PBXBuildFile; fileRef = 3E8746FF25BE8AE700530E7B /* forward_lunges.mp4 */; };
		3E87470A25BE8AE700530E7B /* burpee_with_push_up.mp4 in Resources */ = {isa = PBXBuildFile; fileRef = 3E87470025BE8AE700530E7B /* burpee_with_push_up.mp4 */; };
		3E87470B25BE8AE700530E7B /* montain_climbers.mp4 in Resources */ = {isa = PBXBuildFile; fileRef = 3E87470125BE8AE700530E7B /* montain_climbers.mp4 */; };
		3E87470C25BE8AE700530E7B /* butt_kickers.mp4 in Resources */ = {isa = PBXBuildFile; fileRef = 3E87470225BE8AE700530E7B /* butt_kickers.mp4 */; };
		3E87470D25BE8AE700530E7B /* reverse_crunch.mp4 in Resources */ = {isa = PBXBuildFile; fileRef = 3E87470325BE8AE700530E7B /* reverse_crunch.mp4 */; };
		3E88311825B3F2E3002AE44B /* drink_water.mp4 in Resources */ = {isa = PBXBuildFile; fileRef = 3E88311725B3F2E3002AE44B /* drink_water.mp4 */; };
		3E889DC125B11FB300DBFE54 /* AppDelegate.swift in Sources */ = {isa = PBXBuildFile; fileRef = 3E889DC025B11FB300DBFE54 /* AppDelegate.swift */; };
		3E889DC325B11FB300DBFE54 /* SceneDelegate.swift in Sources */ = {isa = PBXBuildFile; fileRef = 3E889DC225B11FB300DBFE54 /* SceneDelegate.swift */; };
		3E889DCA25B11FB400DBFE54 /* Assets.xcassets in Resources */ = {isa = PBXBuildFile; fileRef = 3E889DC925B11FB400DBFE54 /* Assets.xcassets */; };
		3E889DCD25B11FB400DBFE54 /* LaunchScreen.storyboard in Resources */ = {isa = PBXBuildFile; fileRef = 3E889DCB25B11FB400DBFE54 /* LaunchScreen.storyboard */; };
		3EE1A0F125B1441B007884EB /* HomeVC.swift in Sources */ = {isa = PBXBuildFile; fileRef = 3EE1A0F025B1441B007884EB /* HomeVC.swift */; };
/* End PBXBuildFile section */

/* Begin PBXFileReference section */
		3E1F88F625B6A9CC00151F58 /* RWTitleLabel.swift */ = {isa = PBXFileReference; lastKnownFileType = sourcecode.swift; path = RWTitleLabel.swift; sourceTree = "<group>"; };
		3E59CCA425B2D8C6007B238A /* RWButton.swift */ = {isa = PBXFileReference; lastKnownFileType = sourcecode.swift; path = RWButton.swift; sourceTree = "<group>"; };
		3E64143C25B7C0A40061E507 /* RWVideoView.swift */ = {isa = PBXFileReference; lastKnownFileType = sourcecode.swift; path = RWVideoView.swift; sourceTree = "<group>"; };
		3E8746FA25BE8AE700530E7B /* scissor_hops.mp4 */ = {isa = PBXFileReference; lastKnownFileType = file; path = scissor_hops.mp4; sourceTree = "<group>"; };
		3E8746FB25BE8AE700530E7B /* jumping_jacks.mp4 */ = {isa = PBXFileReference; lastKnownFileType = file; path = jumping_jacks.mp4; sourceTree = "<group>"; };
		3E8746FC25BE8AE700530E7B /* goblet_squat.mp4 */ = {isa = PBXFileReference; lastKnownFileType = file; path = goblet_squat.mp4; sourceTree = "<group>"; };
		3E8746FD25BE8AE700530E7B /* push_ups.mp4 */ = {isa = PBXFileReference; lastKnownFileType = file; path = push_ups.mp4; sourceTree = "<group>"; };
		3E8746FE25BE8AE700530E7B /* air_bike.mp4 */ = {isa = PBXFileReference; lastKnownFileType = file; path = air_bike.mp4; sourceTree = "<group>"; };
		3E8746FF25BE8AE700530E7B /* forward_lunges.mp4 */ = {isa = PBXFileReference; lastKnownFileType = file; path = forward_lunges.mp4; sourceTree = "<group>"; };
		3E87470025BE8AE700530E7B /* burpee_with_push_up.mp4 */ = {isa = PBXFileReference; lastKnownFileType = file; path = burpee_with_push_up.mp4; sourceTree = "<group>"; };
		3E87470125BE8AE700530E7B /* montain_climbers.mp4 */ = {isa = PBXFileReference; lastKnownFileType = file; path = montain_climbers.mp4; sourceTree = "<group>"; };
		3E87470225BE8AE700530E7B /* butt_kickers.mp4 */ = {isa = PBXFileReference; lastKnownFileType = file; path = butt_kickers.mp4; sourceTree = "<group>"; };
		3E87470325BE8AE700530E7B /* reverse_crunch.mp4 */ = {isa = PBXFileReference; lastKnownFileType = file; path = reverse_crunch.mp4; sourceTree = "<group>"; };
		3E88311725B3F2E3002AE44B /* drink_water.mp4 */ = {isa = PBXFileReference; lastKnownFileType = file; path = drink_water.mp4; sourceTree = "<group>"; };
		3E889DBD25B11FB300DBFE54 /* RandomWorkout-iOS.app */ = {isa = PBXFileReference; explicitFileType = wrapper.application; includeInIndex = 0; path = "RandomWorkout-iOS.app"; sourceTree = BUILT_PRODUCTS_DIR; };
		3E889DC025B11FB300DBFE54 /* AppDelegate.swift */ = {isa = PBXFileReference; lastKnownFileType = sourcecode.swift; path = AppDelegate.swift; sourceTree = "<group>"; };
		3E889DC225B11FB300DBFE54 /* SceneDelegate.swift */ = {isa = PBXFileReference; lastKnownFileType = sourcecode.swift; path = SceneDelegate.swift; sourceTree = "<group>"; };
		3E889DC925B11FB400DBFE54 /* Assets.xcassets */ = {isa = PBXFileReference; lastKnownFileType = folder.assetcatalog; path = Assets.xcassets; sourceTree = "<group>"; };
		3E889DCC25B11FB400DBFE54 /* Base */ = {isa = PBXFileReference; lastKnownFileType = file.storyboard; name = Base; path = Base.lproj/LaunchScreen.storyboard; sourceTree = "<group>"; };
		3E889DCE25B11FB400DBFE54 /* Info.plist */ = {isa = PBXFileReference; lastKnownFileType = text.plist.xml; path = Info.plist; sourceTree = "<group>"; };
		3EE1A0F025B1441B007884EB /* HomeVC.swift */ = {isa = PBXFileReference; lastKnownFileType = sourcecode.swift; path = HomeVC.swift; sourceTree = "<group>"; };
/* End PBXFileReference section */

/* Begin PBXFrameworksBuildPhase section */
		3E889DBA25B11FB300DBFE54 /* Frameworks */ = {
			isa = PBXFrameworksBuildPhase;
			buildActionMask = 2147483647;
			files = (
			);
			runOnlyForDeploymentPostprocessing = 0;
		};
/* End PBXFrameworksBuildPhase section */

/* Begin PBXGroup section */
		3E59CCA325B2D6A3007B238A /* Custom Views */ = {
			isa = PBXGroup;
			children = (
				3E59CCA425B2D8C6007B238A /* RWButton.swift */,
				3E1F88F625B6A9CC00151F58 /* RWTitleLabel.swift */,
				3E64143C25B7C0A40061E507 /* RWVideoView.swift */,
			);
			path = "Custom Views";
			sourceTree = "<group>";
		};
		3E88311B25B403FD002AE44B /* Exercises */ = {
			isa = PBXGroup;
			children = (
				3E8746FE25BE8AE700530E7B /* air_bike.mp4 */,
				3E87470025BE8AE700530E7B /* burpee_with_push_up.mp4 */,
				3E87470225BE8AE700530E7B /* butt_kickers.mp4 */,
				3E8746FF25BE8AE700530E7B /* forward_lunges.mp4 */,
				3E8746FC25BE8AE700530E7B /* goblet_squat.mp4 */,
				3E8746FB25BE8AE700530E7B /* jumping_jacks.mp4 */,
				3E87470125BE8AE700530E7B /* montain_climbers.mp4 */,
				3E8746FD25BE8AE700530E7B /* push_ups.mp4 */,
				3E87470325BE8AE700530E7B /* reverse_crunch.mp4 */,
				3E8746FA25BE8AE700530E7B /* scissor_hops.mp4 */,
				3E88311725B3F2E3002AE44B /* drink_water.mp4 */,
			);
			path = Exercises;
			sourceTree = "<group>";
		};
		3E889DB425B11FB300DBFE54 = {
			isa = PBXGroup;
			children = (
				3E889DBF25B11FB300DBFE54 /* RandomWorkout-iOS */,
				3E889DBE25B11FB300DBFE54 /* Products */,
			);
			sourceTree = "<group>";
		};
		3E889DBE25B11FB300DBFE54 /* Products */ = {
			isa = PBXGroup;
			children = (
				3E889DBD25B11FB300DBFE54 /* RandomWorkout-iOS.app */,
			);
			name = Products;
			sourceTree = "<group>";
		};
		3E889DBF25B11FB300DBFE54 /* RandomWorkout-iOS */ = {
			isa = PBXGroup;
			children = (
				3EE1A0E825B13A37007884EB /* AppDelegate */,
				3E59CCA325B2D6A3007B238A /* Custom Views */,
				3EE1A0EB25B13A6A007884EB /* Screens */,
				3EE1A0EC25B13D92007884EB /* Resources */,
				3E889DCE25B11FB400DBFE54 /* Info.plist */,
			);
			path = "RandomWorkout-iOS";
			sourceTree = "<group>";
		};
		3EE1A0E825B13A37007884EB /* AppDelegate */ = {
			isa = PBXGroup;
			children = (
				3E889DC025B11FB300DBFE54 /* AppDelegate.swift */,
				3E889DC225B11FB300DBFE54 /* SceneDelegate.swift */,
			);
			path = AppDelegate;
			sourceTree = "<group>";
		};
		3EE1A0EB25B13A6A007884EB /* Screens */ = {
			isa = PBXGroup;
			children = (
				3EE1A0EE25B14295007884EB /* Home */,
				3EE1A0ED25B14263007884EB /* Launch */,
			);
			path = Screens;
			sourceTree = "<group>";
		};
		3EE1A0EC25B13D92007884EB /* Resources */ = {
			isa = PBXGroup;
			children = (
				3E88311B25B403FD002AE44B /* Exercises */,
				3E889DC925B11FB400DBFE54 /* Assets.xcassets */,
			);
			path = Resources;
			sourceTree = "<group>";
		};
		3EE1A0ED25B14263007884EB /* Launch */ = {
			isa = PBXGroup;
			children = (
				3E889DCB25B11FB400DBFE54 /* LaunchScreen.storyboard */,
			);
			path = Launch;
			sourceTree = "<group>";
		};
		3EE1A0EE25B14295007884EB /* Home */ = {
			isa = PBXGroup;
			children = (
				3EE1A0F025B1441B007884EB /* HomeVC.swift */,
			);
			path = Home;
			sourceTree = "<group>";
		};
/* End PBXGroup section */

/* Begin PBXNativeTarget section */
		3E889DBC25B11FB300DBFE54 /* RandomWorkout-iOS */ = {
			isa = PBXNativeTarget;
			buildConfigurationList = 3E889DD125B11FB400DBFE54 /* Build configuration list for PBXNativeTarget "RandomWorkout-iOS" */;
			buildPhases = (
				3E889DB925B11FB300DBFE54 /* Sources */,
				3E889DBA25B11FB300DBFE54 /* Frameworks */,
				3E889DBB25B11FB300DBFE54 /* Resources */,
			);
			buildRules = (
			);
			dependencies = (
			);
			name = "RandomWorkout-iOS";
			productName = "RandomWorkout-iOS";
			productReference = 3E889DBD25B11FB300DBFE54 /* RandomWorkout-iOS.app */;
			productType = "com.apple.product-type.application";
		};
/* End PBXNativeTarget section */

/* Begin PBXProject section */
		3E889DB525B11FB300DBFE54 /* Project object */ = {
			isa = PBXProject;
			attributes = {
				LastSwiftUpdateCheck = 1220;
				LastUpgradeCheck = 1220;
				TargetAttributes = {
					3E889DBC25B11FB300DBFE54 = {
						CreatedOnToolsVersion = 12.2;
					};
				};
			};
			buildConfigurationList = 3E889DB825B11FB300DBFE54 /* Build configuration list for PBXProject "RandomWorkout-iOS" */;
			compatibilityVersion = "Xcode 9.3";
			developmentRegion = en;
			hasScannedForEncodings = 0;
			knownRegions = (
				en,
				Base,
			);
			mainGroup = 3E889DB425B11FB300DBFE54;
			productRefGroup = 3E889DBE25B11FB300DBFE54 /* Products */;
			projectDirPath = "";
			projectRoot = "";
			targets = (
				3E889DBC25B11FB300DBFE54 /* RandomWorkout-iOS */,
			);
		};
/* End PBXProject section */

/* Begin PBXResourcesBuildPhase section */
		3E889DBB25B11FB300DBFE54 /* Resources */ = {
			isa = PBXResourcesBuildPhase;
			buildActionMask = 2147483647;
			files = (
				3E87470B25BE8AE700530E7B /* montain_climbers.mp4 in Resources */,
				3E87470825BE8AE700530E7B /* air_bike.mp4 in Resources */,
				3E889DCD25B11FB400DBFE54 /* LaunchScreen.storyboard in Resources */,
				3E87470725BE8AE700530E7B /* push_ups.mp4 in Resources */,
				3E87470425BE8AE700530E7B /* scissor_hops.mp4 in Resources */,
				3E889DCA25B11FB400DBFE54 /* Assets.xcassets in Resources */,
				3E87470625BE8AE700530E7B /* goblet_squat.mp4 in Resources */,
				3E88311825B3F2E3002AE44B /* drink_water.mp4 in Resources */,
				3E87470A25BE8AE700530E7B /* burpee_with_push_up.mp4 in Resources */,
				3E87470525BE8AE700530E7B /* jumping_jacks.mp4 in Resources */,
				3E87470D25BE8AE700530E7B /* reverse_crunch.mp4 in Resources */,
				3E87470925BE8AE700530E7B /* forward_lunges.mp4 in Resources */,
				3E87470C25BE8AE700530E7B /* butt_kickers.mp4 in Resources */,
			);
			runOnlyForDeploymentPostprocessing = 0;
		};
/* End PBXResourcesBuildPhase section */

/* Begin PBXSourcesBuildPhase section */
		3E889DB925B11FB300DBFE54 /* Sources */ = {
			isa = PBXSourcesBuildPhase;
			buildActionMask = 2147483647;
			files = (
				3E1F88F725B6A9CC00151F58 /* RWTitleLabel.swift in Sources */,
				3EE1A0F125B1441B007884EB /* HomeVC.swift in Sources */,
				3E889DC125B11FB300DBFE54 /* AppDelegate.swift in Sources */,
				3E64143D25B7C0A40061E507 /* RWVideoView.swift in Sources */,
				3E59CCA525B2D8C6007B238A /* RWButton.swift in Sources */,
				3E889DC325B11FB300DBFE54 /* SceneDelegate.swift in Sources */,
			);
			runOnlyForDeploymentPostprocessing = 0;
		};
/* End PBXSourcesBuildPhase section */

/* Begin PBXVariantGroup section */
		3E889DCB25B11FB400DBFE54 /* LaunchScreen.storyboard */ = {
			isa = PBXVariantGroup;
			children = (
				3E889DCC25B11FB400DBFE54 /* Base */,
			);
			name = LaunchScreen.storyboard;
			sourceTree = "<group>";
		};
/* End PBXVariantGroup section */

/* Begin XCBuildConfiguration section */
		3E889DCF25B11FB400DBFE54 /* Debug */ = {
			isa = XCBuildConfiguration;
			buildSettings = {
				ALWAYS_SEARCH_USER_PATHS = NO;
				CLANG_ANALYZER_NONNULL = YES;
				CLANG_ANALYZER_NUMBER_OBJECT_CONVERSION = YES_AGGRESSIVE;
				CLANG_CXX_LANGUAGE_STANDARD = "gnu++14";
				CLANG_CXX_LIBRARY = "libc++";
				CLANG_ENABLE_MODULES = YES;
				CLANG_ENABLE_OBJC_ARC = YES;
				CLANG_ENABLE_OBJC_WEAK = YES;
				CLANG_WARN_BLOCK_CAPTURE_AUTORELEASING = YES;
				CLANG_WARN_BOOL_CONVERSION = YES;
				CLANG_WARN_COMMA = YES;
				CLANG_WARN_CONSTANT_CONVERSION = YES;
				CLANG_WARN_DEPRECATED_OBJC_IMPLEMENTATIONS = YES;
				CLANG_WARN_DIRECT_OBJC_ISA_USAGE = YES_ERROR;
				CLANG_WARN_DOCUMENTATION_COMMENTS = YES;
				CLANG_WARN_EMPTY_BODY = YES;
				CLANG_WARN_ENUM_CONVERSION = YES;
				CLANG_WARN_INFINITE_RECURSION = YES;
				CLANG_WARN_INT_CONVERSION = YES;
				CLANG_WARN_NON_LITERAL_NULL_CONVERSION = YES;
				CLANG_WARN_OBJC_IMPLICIT_RETAIN_SELF = YES;
				CLANG_WARN_OBJC_LITERAL_CONVERSION = YES;
				CLANG_WARN_OBJC_ROOT_CLASS = YES_ERROR;
				CLANG_WARN_QUOTED_INCLUDE_IN_FRAMEWORK_HEADER = YES;
				CLANG_WARN_RANGE_LOOP_ANALYSIS = YES;
				CLANG_WARN_STRICT_PROTOTYPES = YES;
				CLANG_WARN_SUSPICIOUS_MOVE = YES;
				CLANG_WARN_UNGUARDED_AVAILABILITY = YES_AGGRESSIVE;
				CLANG_WARN_UNREACHABLE_CODE = YES;
				CLANG_WARN__DUPLICATE_METHOD_MATCH = YES;
				COPY_PHASE_STRIP = NO;
				DEBUG_INFORMATION_FORMAT = dwarf;
				ENABLE_STRICT_OBJC_MSGSEND = YES;
				ENABLE_TESTABILITY = YES;
				GCC_C_LANGUAGE_STANDARD = gnu11;
				GCC_DYNAMIC_NO_PIC = NO;
				GCC_NO_COMMON_BLOCKS = YES;
				GCC_OPTIMIZATION_LEVEL = 0;
				GCC_PREPROCESSOR_DEFINITIONS = (
					"DEBUG=1",
					"$(inherited)",
				);
				GCC_WARN_64_TO_32_BIT_CONVERSION = YES;
				GCC_WARN_ABOUT_RETURN_TYPE = YES_ERROR;
				GCC_WARN_UNDECLARED_SELECTOR = YES;
				GCC_WARN_UNINITIALIZED_AUTOS = YES_AGGRESSIVE;
				GCC_WARN_UNUSED_FUNCTION = YES;
				GCC_WARN_UNUSED_VARIABLE = YES;
				IPHONEOS_DEPLOYMENT_TARGET = 13.0;
				MTL_ENABLE_DEBUG_INFO = INCLUDE_SOURCE;
				MTL_FAST_MATH = YES;
				ONLY_ACTIVE_ARCH = YES;
				SDKROOT = iphoneos;
				SWIFT_ACTIVE_COMPILATION_CONDITIONS = DEBUG;
				SWIFT_OPTIMIZATION_LEVEL = "-Onone";
			};
			name = Debug;
		};
		3E889DD025B11FB400DBFE54 /* Release */ = {
			isa = XCBuildConfiguration;
			buildSettings = {
				ALWAYS_SEARCH_USER_PATHS = NO;
				CLANG_ANALYZER_NONNULL = YES;
				CLANG_ANALYZER_NUMBER_OBJECT_CONVERSION = YES_AGGRESSIVE;
				CLANG_CXX_LANGUAGE_STANDARD = "gnu++14";
				CLANG_CXX_LIBRARY = "libc++";
				CLANG_ENABLE_MODULES = YES;
				CLANG_ENABLE_OBJC_ARC = YES;
				CLANG_ENABLE_OBJC_WEAK = YES;
				CLANG_WARN_BLOCK_CAPTURE_AUTORELEASING = YES;
				CLANG_WARN_BOOL_CONVERSION = YES;
				CLANG_WARN_COMMA = YES;
				CLANG_WARN_CONSTANT_CONVERSION = YES;
				CLANG_WARN_DEPRECATED_OBJC_IMPLEMENTATIONS = YES;
				CLANG_WARN_DIRECT_OBJC_ISA_USAGE = YES_ERROR;
				CLANG_WARN_DOCUMENTATION_COMMENTS = YES;
				CLANG_WARN_EMPTY_BODY = YES;
				CLANG_WARN_ENUM_CONVERSION = YES;
				CLANG_WARN_INFINITE_RECURSION = YES;
				CLANG_WARN_INT_CONVERSION = YES;
				CLANG_WARN_NON_LITERAL_NULL_CONVERSION = YES;
				CLANG_WARN_OBJC_IMPLICIT_RETAIN_SELF = YES;
				CLANG_WARN_OBJC_LITERAL_CONVERSION = YES;
				CLANG_WARN_OBJC_ROOT_CLASS = YES_ERROR;
				CLANG_WARN_QUOTED_INCLUDE_IN_FRAMEWORK_HEADER = YES;
				CLANG_WARN_RANGE_LOOP_ANALYSIS = YES;
				CLANG_WARN_STRICT_PROTOTYPES = YES;
				CLANG_WARN_SUSPICIOUS_MOVE = YES;
				CLANG_WARN_UNGUARDED_AVAILABILITY = YES_AGGRESSIVE;
				CLANG_WARN_UNREACHABLE_CODE = YES;
				CLANG_WARN__DUPLICATE_METHOD_MATCH = YES;
				COPY_PHASE_STRIP = NO;
				DEBUG_INFORMATION_FORMAT = "dwarf-with-dsym";
				ENABLE_NS_ASSERTIONS = NO;
				ENABLE_STRICT_OBJC_MSGSEND = YES;
				GCC_C_LANGUAGE_STANDARD = gnu11;
				GCC_NO_COMMON_BLOCKS = YES;
				GCC_WARN_64_TO_32_BIT_CONVERSION = YES;
				GCC_WARN_ABOUT_RETURN_TYPE = YES_ERROR;
				GCC_WARN_UNDECLARED_SELECTOR = YES;
				GCC_WARN_UNINITIALIZED_AUTOS = YES_AGGRESSIVE;
				GCC_WARN_UNUSED_FUNCTION = YES;
				GCC_WARN_UNUSED_VARIABLE = YES;
				IPHONEOS_DEPLOYMENT_TARGET = 13.0;
				MTL_ENABLE_DEBUG_INFO = NO;
				MTL_FAST_MATH = YES;
				SDKROOT = iphoneos;
				SWIFT_COMPILATION_MODE = wholemodule;
				SWIFT_OPTIMIZATION_LEVEL = "-O";
				VALIDATE_PRODUCT = YES;
			};
			name = Release;
		};
		3E889DD225B11FB400DBFE54 /* Debug */ = {
			isa = XCBuildConfiguration;
			buildSettings = {
				ASSETCATALOG_COMPILER_APPICON_NAME = AppIcon;
				ASSETCATALOG_COMPILER_GLOBAL_ACCENT_COLOR_NAME = AccentColor;
				CODE_SIGN_STYLE = Automatic;
				DEVELOPMENT_TEAM = P39ZCVPYYR;
				INFOPLIST_FILE = "RandomWorkout-iOS/Info.plist";
				IPHONEOS_DEPLOYMENT_TARGET = 13.0;
				LD_RUNPATH_SEARCH_PATHS = (
					"$(inherited)",
					"@executable_path/Frameworks",
				);
				PRODUCT_BUNDLE_IDENTIFIER = "com.duilan.RandomWorkout-iOS";
				PRODUCT_NAME = "$(TARGET_NAME)";
				SWIFT_VERSION = 5.0;
				TARGETED_DEVICE_FAMILY = 1;
			};
			name = Debug;
		};
		3E889DD325B11FB400DBFE54 /* Release */ = {
			isa = XCBuildConfiguration;
			buildSettings = {
				ASSETCATALOG_COMPILER_APPICON_NAME = AppIcon;
				ASSETCATALOG_COMPILER_GLOBAL_ACCENT_COLOR_NAME = AccentColor;
				CODE_SIGN_STYLE = Automatic;
				DEVELOPMENT_TEAM = P39ZCVPYYR;
				INFOPLIST_FILE = "RandomWorkout-iOS/Info.plist";
				IPHONEOS_DEPLOYMENT_TARGET = 13.0;
				LD_RUNPATH_SEARCH_PATHS = (
					"$(inherited)",
					"@executable_path/Frameworks",
				);
				PRODUCT_BUNDLE_IDENTIFIER = "com.duilan.RandomWorkout-iOS";
				PRODUCT_NAME = "$(TARGET_NAME)";
				SWIFT_VERSION = 5.0;
				TARGETED_DEVICE_FAMILY = 1;
			};
			name = Release;
		};
/* End XCBuildConfiguration section */

/* Begin XCConfigurationList section */
		3E889DB825B11FB300DBFE54 /* Build configuration list for PBXProject "RandomWorkout-iOS" */ = {
			isa = XCConfigurationList;
			buildConfigurations = (
				3E889DCF25B11FB400DBFE54 /* Debug */,
				3E889DD025B11FB400DBFE54 /* Release */,
			);
			defaultConfigurationIsVisible = 0;
			defaultConfigurationName = Release;
		};
		3E889DD125B11FB400DBFE54 /* Build configuration list for PBXNativeTarget "RandomWorkout-iOS" */ = {
			isa = XCConfigurationList;
			buildConfigurations = (
				3E889DD225B11FB400DBFE54 /* Debug */,
				3E889DD325B11FB400DBFE54 /* Release */,
			);
			defaultConfigurationIsVisible = 0;
			defaultConfigurationName = Release;
		};
/* End XCConfigurationList section */
	};
	rootObject = 3E889DB525B11FB300DBFE54 /* Project object */;
}
